
Microsoft Visual Studio Solution File, Format Version 12.00
# Visual Studio Version 17
VisualStudioVersion = 17.4.33122.133
MinimumVisualStudioVersion = 10.0.40219.1
Project("{FAE04EC0-301F-11D3-BF4B-00C04F79EFBC}") = "ShoowAPI", "ShoowAPI\ShoowAPI.csproj", "{337685ED-7C96-443D-9398-DE0FBBB86FDC}"
EndProject
Global
	GlobalSection(SolutionConfigurationPlatforms) = preSolution
		Debug|Any CPU = Debug|Any CPU
		Release|Any CPU = Release|Any CPU
	EndGlobalSection
	GlobalSection(ProjectConfigurationPlatforms) = postSolution
		{337685ED-7C96-443D-9398-DE0FBBB86FDC}.Debug|Any CPU.ActiveCfg = Debug|Any CPU
		{337685ED-7C96-443D-9398-DE0FBBB86FDC}.Debug|Any CPU.Build.0 = Debug|Any CPU
		{337685ED-7C96-443D-9398-DE0FBBB86FDC}.Release|Any CPU.ActiveCfg = Release|Any CPU
		{337685ED-7C96-443D-9398-DE0FBBB86FDC}.Release|Any CPU.Build.0 = Release|Any CPU
	EndGlobalSection
	GlobalSection(SolutionProperties) = preSolution
		HideSolutionNode = FALSE
	EndGlobalSection
	GlobalSection(ExtensibilityGlobals) = postSolution
		SolutionGuid = {E05CE280-B3B8-4A36-A226-3891A02EF943}
	EndGlobalSection
EndGlobal
